{
  "lockfileVersion": 1,
  "configVersion": 1,
  "workspaces": {
    "": {
      "name": "elysia-helmet",
      "devDependencies": {
        "@biomejs/biome": "^2.4.9",
        "bun-types": "^1.3.11",
        "elysia": "^1.2.0",
        "typescript": "^5.5.2",
        "ultracite": "^7.3.2",
      },
      "peerDependencies": {
        "elysia": ">= 1.2.0",
      },
    },
  },
  "packages": {
    "@biomejs/biome": ["@biomejs/biome@2.4.9", "", { "optionalDependencies": { "@biomejs/cli-darwin-arm64": "2.4.9", "@biomejs/cli-darwin-x64": "2.4.9", "@biomejs/cli-linux-arm64": "2.4.9", "@biomejs/cli-linux-arm64-musl": "2.4.9", "@biomejs/cli-linux-x64": "2.4.9", "@biomejs/cli-linux-x64-musl": "2.4.9", "@biomejs/cli-win32-arm64": "2.4.9", "@biomejs/cli-win32-x64": "2.4.9" }, "bin": { "biome": "bin/biome" } }, "sha512-wvZW92FrwitTcacvCBT8xdAbfbxWfDLwjYMmU3djjqQTh7Ni4ZdiWIT/x5VcZ+RQuxiKzIOzi5D+dcyJDFZMsA=="],

    "@biomejs/cli-darwin-arm64": ["@biomejs/cli-darwin-arm64@2.4.9", "", { "os": "darwin", "cpu": "arm64" }, "sha512-d5G8Gf2RpH5pYwiHLPA+UpG3G9TLQu4WM+VK6sfL7K68AmhcEQ9r+nkj/DvR/GYhYox6twsHUtmWWWIKfcfQQA=="],

    "@biomejs/cli-darwin-x64": ["@biomejs/cli-darwin-x64@2.4.9", "", { "os": "darwin", "cpu": "x64" }, "sha512-LNCLNgqDMG7BLdc3a8aY/dwKPK7+R8/JXJoXjCvZh2gx8KseqBdFDKbhrr7HCWF8SzNhbTaALhTBoh/I6rf9lA=="],

    "@biomejs/cli-linux-arm64": ["@biomejs/cli-linux-arm64@2.4.9", "", { "os": "linux", "cpu": "arm64" }, "sha512-4adnkAUi6K4C/emPRgYznMOcLlUqZdXWM6aIui4VP4LraE764g6Q4YguygnAUoxKjKIXIWPteKMgRbN0wsgwcg=="],

    "@biomejs/cli-linux-arm64-musl": ["@biomejs/cli-linux-arm64-musl@2.4.9", "", { "os": "linux", "cpu": "arm64" }, "sha512-8RCww5xnPn2wpK4L/QDGDOW0dq80uVWfppPxHIUg6mOs9B6gRmqPp32h1Ls3T8GnW8Wo5A8u7vpTwz4fExN+sw=="],

    "@biomejs/cli-linux-x64": ["@biomejs/cli-linux-x64@2.4.9", "", { "os": "linux", "cpu": "x64" }, "sha512-L10na7POF0Ks/cgLFNF1ZvIe+X4onLkTi5oP9hY+Rh60Q+7fWzKDDCeGyiHUFf1nGIa9dQOOUPGe2MyYg8nMSQ=="],

    "@biomejs/cli-linux-x64-musl": ["@biomejs/cli-linux-x64-musl@2.4.9", "", { "os": "linux", "cpu": "x64" }, "sha512-5TD+WS9v5vzXKzjetF0hgoaNFHMcpQeBUwKKVi3JbG1e9UCrFuUK3Gt185fyTzvRdwYkJJEMqglRPjmesmVv4A=="],

    "@biomejs/cli-win32-arm64": ["@biomejs/cli-win32-arm64@2.4.9", "", { "os": "win32", "cpu": "arm64" }, "sha512-aDZr0RBC3sMGJOU10BvG7eZIlWLK/i51HRIfScE2lVhfts2dQTreowLiJJd+UYg/tHKxS470IbzpuKmd0MiD6g=="],

    "@biomejs/cli-win32-x64": ["@biomejs/cli-win32-x64@2.4.9", "", { "os": "win32", "cpu": "x64" }, "sha512-NS4g/2G9SoQ4ktKtz31pvyc/rmgzlcIDCGU/zWbmHJAqx6gcRj2gj5Q/guXhoWTzCUaQZDIqiCQXHS7BcGYc0w=="],

    "@borewit/text-codec": ["@borewit/text-codec@0.2.2", "", {}, "sha512-DDaRehssg1aNrH4+2hnj1B7vnUGEjU6OIlyRdkMd0aUdIUvKXrJfXsy8LVtXAy7DRvYVluWbMspsRhz2lcW0mQ=="],

    "@clack/core": ["@clack/core@1.1.0", "", { "dependencies": { "sisteransi": "^1.0.5" } }, "sha512-SVcm4Dqm2ukn64/8Gub2wnlA5nS2iWJyCkdNHcvNHPIeBTGojpdJ+9cZKwLfmqy7irD4N5qLteSilJlE0WLAtA=="],

    "@clack/prompts": ["@clack/prompts@1.1.0", "", { "dependencies": { "@clack/core": "1.1.0", "sisteransi": "^1.0.5" } }, "sha512-pkqbPGtohJAvm4Dphs2M8xE29ggupihHdy1x84HNojZuMtFsHiUlRvqD24tM2+XmI+61LlfNceM3Wr7U5QES5g=="],

    "@sinclair/typebox": ["@sinclair/typebox@0.34.48", "", {}, "sha512-kKJTNuK3AQOrgjjotVxMrCn1sUJwM76wMszfq1kdU4uYVJjvEWuFQ6HgvLt4Xz3fSmZlTOxJ/Ie13KnIcWQXFA=="],

    "@tokenizer/inflate": ["@tokenizer/inflate@0.4.1", "", { "dependencies": { "debug": "^4.4.3", "token-types": "^6.1.1" } }, "sha512-2mAv+8pkG6GIZiF1kNg1jAjh27IDxEPKwdGul3snfztFerfPGI1LjDezZp3i7BElXompqEtPmoPx6c2wgtWsOA=="],

    "@tokenizer/token": ["@tokenizer/token@0.3.0", "", {}, "sha512-OvjF+z51L3ov0OyAU0duzsYuvO01PH7x4t6DJx+guahgTnBHkhJdG7soQeTSFLWN3efnHyibZ4Z8l2EuWwJN3A=="],

    "@types/node": ["@types/node@25.5.0", "", { "dependencies": { "undici-types": "~7.18.0" } }, "sha512-jp2P3tQMSxWugkCUKLRPVUpGaL5MVFwF8RDuSRztfwgN1wmqJeMSbKlnEtQqU8UrhTmzEmZdu2I6v2dpp7XIxw=="],

    "balanced-match": ["balanced-match@4.0.4", "", {}, "sha512-BLrgEcRTwX2o6gGxGOCNyMvGSp35YofuYzw9h1IMTRmKqttAZZVU67bdb9Pr2vUHA8+j3i2tJfjO6C6+4myGTA=="],

    "brace-expansion": ["brace-expansion@5.0.5", "", { "dependencies": { "balanced-match": "^4.0.2" } }, "sha512-VZznLgtwhn+Mact9tfiwx64fA9erHH/MCXEUfB/0bX/6Fz6ny5EGTXYltMocqg4xFAQZtnO3DHWWXi8RiuN7cQ=="],

    "bun-types": ["bun-types@1.3.11", "", { "dependencies": { "@types/node": "*" } }, "sha512-1KGPpoxQWl9f6wcZh57LvrPIInQMn2TQ7jsgxqpRzg+l0QPOFvJVH7HmvHo/AiPgwXy+/Thf6Ov3EdVn1vOabg=="],

    "citty": ["citty@0.2.1", "", {}, "sha512-kEV95lFBhQgtogAPlQfJJ0WGVSokvLr/UEoFPiKKOXF7pl98HfUVUD0ejsuTCld/9xH9vogSywZ5KqHzXrZpqg=="],

    "commander": ["commander@14.0.3", "", {}, "sha512-H+y0Jo/T1RZ9qPP4Eh1pkcQcLRglraJaSLoyOtHxu6AapkjWVCy2Sit1QQ4x3Dng8qDlSsZEet7g5Pq06MvTgw=="],

    "cookie": ["cookie@1.1.1", "", {}, "sha512-ei8Aos7ja0weRpFzJnEA9UHJ/7XQmqglbRwnf2ATjcB9Wq874VKH9kfjjirM6UhU2/E5fFYadylyhFldcqSidQ=="],

    "debug": ["debug@4.4.3", "", { "dependencies": { "ms": "^2.1.3" } }, "sha512-RGwwWnwQvkVfavKVt22FGLw+xYSdzARwm0ru6DhTVA3umU5hZc28V3kO4stgYryrTlLpuvgI9GiijltAjNbcqA=="],

    "deepmerge": ["deepmerge@4.3.1", "", {}, "sha512-3sUqbMEc77XqpdNO7FRyRog+eW3ph+GYCbj+rK+uYyRMuwsVy0rMiVtPn+QJlKFvWP/1PYpapqYn0Me2knFn+A=="],

    "elysia": ["elysia@1.4.28", "", { "dependencies": { "cookie": "^1.1.1", "exact-mirror": "^0.2.7", "fast-decode-uri-component": "^1.0.1", "memoirist": "^0.4.0" }, "peerDependencies": { "@sinclair/typebox": ">= 0.34.0 < 1", "@types/bun": ">= 1.2.0", "file-type": ">= 20.0.0", "openapi-types": ">= 12.0.0", "typescript": ">= 5.0.0" }, "optionalPeers": ["@types/bun", "typescript"] }, "sha512-Vrx8sBnvq8squS/3yNBzR1jBXI+SgmnmvwawPjNuEHndUe5l1jV2Gp6JJ4ulDkEB8On6bWmmuyPpA+bq4t+WYg=="],

    "exact-mirror": ["exact-mirror@0.2.7", "", { "peerDependencies": { "@sinclair/typebox": "^0.34.15" }, "optionalPeers": ["@sinclair/typebox"] }, "sha512-+MeEmDcLA4o/vjK2zujgk+1VTxPR4hdp23qLqkWfStbECtAq9gmsvQa3LW6z/0GXZyHJobrCnmy1cdeE7BjsYg=="],

    "fast-decode-uri-component": ["fast-decode-uri-component@1.0.1", "", {}, "sha512-WKgKWg5eUxvRZGwW8FvfbaH7AXSh2cL+3j5fMGzUMCxWBJ3dV3a7Wz8y2f/uQ0e3B6WmodD3oS54jTQ9HVTIIg=="],

    "file-type": ["file-type@21.3.4", "", { "dependencies": { "@tokenizer/inflate": "^0.4.1", "strtok3": "^10.3.4", "token-types": "^6.1.1", "uint8array-extras": "^1.4.0" } }, "sha512-Ievi/yy8DS3ygGvT47PjSfdFoX+2isQueoYP1cntFW1JLYAuS4GD7NUPGg4zv2iZfV52uDyk5w5Z0TdpRS6Q1g=="],

    "glob": ["glob@13.0.6", "", { "dependencies": { "minimatch": "^10.2.2", "minipass": "^7.1.3", "path-scurry": "^2.0.2" } }, "sha512-Wjlyrolmm8uDpm/ogGyXZXb1Z+Ca2B8NbJwqBVg0axK9GbBeoS7yGV6vjXnYdGm6X53iehEuxxbyiKp8QmN4Vw=="],

    "ieee754": ["ieee754@1.2.1", "", {}, "sha512-dcyqhDvX1C46lXZcVqCpK+FtMRQVdIMN6/Df5js2zouUsqG7I6sFxitIC+7KYK29KdXOLHdu9zL4sFnoVQnqaA=="],

    "jsonc-parser": ["jsonc-parser@3.3.1", "", {}, "sha512-HUgH65KyejrUFPvHFPbqOY0rsFip3Bo5wb4ngvdi1EpCYWUQDC5V+Y7mZws+DLkr4M//zQJoanu1SP+87Dv1oQ=="],

    "lru-cache": ["lru-cache@11.2.7", "", {}, "sha512-aY/R+aEsRelme17KGQa/1ZSIpLpNYYrhcrepKTZgE+W3WM16YMCaPwOHLHsmopZHELU0Ojin1lPVxKR0MihncA=="],

    "memoirist": ["memoirist@0.4.0", "", {}, "sha512-zxTgA0mSYELa66DimuNQDvyLq36AwDlTuVRbnQtB+VuTcKWm5Qc4z3WkSpgsFWHNhexqkIooqpv4hdcqrX5Nmg=="],

    "minimatch": ["minimatch@10.2.4", "", { "dependencies": { "brace-expansion": "^5.0.2" } }, "sha512-oRjTw/97aTBN0RHbYCdtF1MQfvusSIBQM0IZEgzl6426+8jSC0nF1a/GmnVLpfB9yyr6g6FTqWqiZVbxrtaCIg=="],

    "minipass": ["minipass@7.1.3", "", {}, "sha512-tEBHqDnIoM/1rXME1zgka9g6Q2lcoCkxHLuc7ODJ5BxbP5d4c2Z5cGgtXAku59200Cx7diuHTOYfSBD8n6mm8A=="],

    "ms": ["ms@2.1.3", "", {}, "sha512-6FlzubTLZG3J2a/NVCAleEhjzq5oxgHyaCU9yYXvcLsvoVaHJq/s5xXI6/XXP6tz7R9xAOtHnSO/tXtF3WRTlA=="],

    "nypm": ["nypm@0.6.5", "", { "dependencies": { "citty": "^0.2.0", "pathe": "^2.0.3", "tinyexec": "^1.0.2" }, "bin": { "nypm": "dist/cli.mjs" } }, "sha512-K6AJy1GMVyfyMXRVB88700BJqNUkByijGJM8kEHpLdcAt+vSQAVfkWWHYzuRXHSY6xA2sNc5RjTj0p9rE2izVQ=="],

    "openapi-types": ["openapi-types@12.1.3", "", {}, "sha512-N4YtSYJqghVu4iek2ZUvcN/0aqH1kRDuNqzcycDxhOUpg7GdvLa2F3DgS6yBNhInhv2r/6I0Flkn7CqL8+nIcw=="],

    "path-scurry": ["path-scurry@2.0.2", "", { "dependencies": { "lru-cache": "^11.0.0", "minipass": "^7.1.2" } }, "sha512-3O/iVVsJAPsOnpwWIeD+d6z/7PmqApyQePUtCndjatj/9I5LylHvt5qluFaBT3I5h3r1ejfR056c+FCv+NnNXg=="],

    "pathe": ["pathe@2.0.3", "", {}, "sha512-WUjGcAqP1gQacoQe+OBJsFA7Ld4DyXuUIjZ5cc75cLHvJ7dtNsTugphxIADwspS+AraAUePCKrSVtPLFj/F88w=="],

    "sisteransi": ["sisteransi@1.0.5", "", {}, "sha512-bLGGlR1QxBcynn2d5YmDX4MGjlZvy2MRBDRNHLJ8VI6l6+9FUiyTFNJ0IveOSP0bcXgVDPRcfGqA0pjaqUpfVg=="],

    "strtok3": ["strtok3@10.3.5", "", { "dependencies": { "@tokenizer/token": "^0.3.0" } }, "sha512-ki4hZQfh5rX0QDLLkOCj+h+CVNkqmp/CMf8v8kZpkNVK6jGQooMytqzLZYUVYIZcFZ6yDB70EfD8POcFXiF5oA=="],

    "tinyexec": ["tinyexec@1.0.4", "", {}, "sha512-u9r3uZC0bdpGOXtlxUIdwf9pkmvhqJdrVCH9fapQtgy/OeTTMZ1nqH7agtvEfmGui6e1XxjcdrlxvxJvc3sMqw=="],

    "token-types": ["token-types@6.1.2", "", { "dependencies": { "@borewit/text-codec": "^0.2.1", "@tokenizer/token": "^0.3.0", "ieee754": "^1.2.1" } }, "sha512-dRXchy+C0IgK8WPC6xvCHFRIWYUbqqdEIKPaKo/AcTUNzwLTK6AH7RjdLWsEZcAN/TBdtfUw3PYEgPr5VPr6ww=="],

    "typescript": ["typescript@5.9.3", "", { "bin": { "tsc": "bin/tsc", "tsserver": "bin/tsserver" } }, "sha512-jl1vZzPDinLr9eUt3J/t7V6FgNEw9QjvBPdysz9KfQDD41fQrC2Y4vKQdiaUpFT4bXlb1RHhLpp8wtm6M5TgSw=="],

    "uint8array-extras": ["uint8array-extras@1.5.0", "", {}, "sha512-rvKSBiC5zqCCiDZ9kAOszZcDvdAHwwIKJG33Ykj43OKcWsnmcBRL09YTU4nOeHZ8Y2a7l1MgTd08SBe9A8Qj6A=="],

    "ultracite": ["ultracite@7.3.2", "", { "dependencies": { "@clack/prompts": "^1.1.0", "commander": "^14.0.3", "deepmerge": "^4.3.1", "glob": "^13.0.6", "jsonc-parser": "^3.3.1", "nypm": "^0.6.5" }, "peerDependencies": { "oxlint": "^1.0.0" }, "optionalPeers": ["oxlint"], "bin": { "ultracite": "dist/index.js" } }, "sha512-JV2TdeBDc1aaj3wFzXLjRcBlUZkXBdShMLAjHh9YLK0rXPSK42CzHqfWXUfibFUAUiUGNwoOFnIpS45EaJAcdg=="],

    "undici-types": ["undici-types@7.18.2", "", {}, "sha512-AsuCzffGHJybSaRrmr5eHr81mwJU3kjw6M+uprWvCXiNeN9SOGwQ3Jn8jb8m3Z6izVgknn1R0FTCEAP2QrLY/w=="],
  }
}
